{
  "name": "socrates",
  "version": "0.1.0",
  "lockfileVersion": 1,
  "requires": true,
  "dependencies": {
    "ractive": {
      "version": "0.9.11",
      "resolved": "https://registry.npmjs.org/ractive/-/ractive-0.9.11.tgz",
      "integrity": "sha1-/06FHjhj8PesH4h/IxenKtIRoz4=",
      "dev": true
    }
  }
}
